
Microsoft Visual Studio Solution File, Format Version 12.00
# Visual Studio Version 17
VisualStudioVersion = 17.9.34723.18
MinimumVisualStudioVersion = 10.0.40219.1
Project("{FAE04EC0-301F-11D3-BF4B-00C04F79EFBC}") = "pryEtapa3Ahumada", "pryEtapa3Ahumada.csproj", "{ECA3CC29-B223-493B-A860-AA8C7511CFA2}"
EndProject
Global
	GlobalSection(SolutionConfigurationPlatforms) = preSolution
		Debug|Any CPU = Debug|Any CPU
		Release|Any CPU = Release|Any CPU
	EndGlobalSection
	GlobalSection(ProjectConfigurationPlatforms) = postSolution
		{ECA3CC29-B223-493B-A860-AA8C7511CFA2}.Debug|Any CPU.ActiveCfg = Debug|Any CPU
		{ECA3CC29-B223-493B-A860-AA8C7511CFA2}.Debug|Any CPU.Build.0 = Debug|Any CPU
		{ECA3CC29-B223-493B-A860-AA8C7511CFA2}.Release|Any CPU.ActiveCfg = Release|Any CPU
		{ECA3CC29-B223-493B-A860-AA8C7511CFA2}.Release|Any CPU.Build.0 = Release|Any CPU
	EndGlobalSection
	GlobalSection(SolutionProperties) = preSolution
		HideSolutionNode = FALSE
	EndGlobalSection
	GlobalSection(ExtensibilityGlobals) = postSolution
		SolutionGuid = {F68BD04A-4D29-4E36-A882-685F18FFB8DF}
	EndGlobalSection
EndGlobal
